
Microsoft Visual Studio Solution File, Format Version 12.00
# Visual Studio Version 17
VisualStudioVersion = 17.8.34309.116
MinimumVisualStudioVersion = 10.0.40219.1
Project("{FAE04EC0-301F-11D3-BF4B-00C04F79EFBC}") = "Squidex.OpenIddict.MongoDb", "Squidex.OpenIddict.MongoDb\Squidex.OpenIddict.MongoDb.csproj", "{BCBA7430-F95C-46DF-84CB-754426A99874}"
EndProject
Global
	GlobalSection(SolutionConfigurationPlatforms) = preSolution
		Debug|Any CPU = Debug|Any CPU
		Release|Any CPU = Release|Any CPU
	EndGlobalSection
	GlobalSection(ProjectConfigurationPlatforms) = postSolution
		{BCBA7430-F95C-46DF-84CB-754426A99874}.Debug|Any CPU.ActiveCfg = Debug|Any CPU
		{BCBA7430-F95C-46DF-84CB-754426A99874}.Debug|Any CPU.Build.0 = Debug|Any CPU
		{BCBA7430-F95C-46DF-84CB-754426A99874}.Release|Any CPU.ActiveCfg = Release|Any CPU
		{BCBA7430-F95C-46DF-84CB-754426A99874}.Release|Any CPU.Build.0 = Release|Any CPU
	EndGlobalSection
	GlobalSection(SolutionProperties) = preSolution
		HideSolutionNode = FALSE
	EndGlobalSection
	GlobalSection(ExtensibilityGlobals) = postSolution
		SolutionGuid = {7AE0932E-53A1-4B72-8867-9E34957D298A}
	EndGlobalSection
EndGlobal
